
Microsoft Visual Studio Solution File, Format Version 12.00
# Visual Studio Version 17
VisualStudioVersion = 17.9.34728.123
MinimumVisualStudioVersion = 10.0.40219.1
Project("{FAE04EC0-301F-11D3-BF4B-00C04F79EFBC}") = "ReadLogs_net481", "ReadLogs_net481\ReadLogs_net481.csproj", "{DBF37EFE-4A20-4068-8C6F-A64D37F246FD}"
EndProject
Project("{FAE04EC0-301F-11D3-BF4B-00C04F79EFBC}") = "ReadLogs_net6", "ReadLogs_net6\ReadLogs_net6.csproj", "{6515DB2B-2C69-4798-B652-5DD02502F954}"
EndProject
Global
	GlobalSection(SolutionConfigurationPlatforms) = preSolution
		Debug|Any CPU = Debug|Any CPU
		Release|Any CPU = Release|Any CPU
	EndGlobalSection
	GlobalSection(ProjectConfigurationPlatforms) = postSolution
		{DBF37EFE-4A20-4068-8C6F-A64D37F246FD}.Debug|Any CPU.ActiveCfg = Debug|Any CPU
		{DBF37EFE-4A20-4068-8C6F-A64D37F246FD}.Debug|Any CPU.Build.0 = Debug|Any CPU
		{DBF37EFE-4A20-4068-8C6F-A64D37F246FD}.Release|Any CPU.ActiveCfg = Release|Any CPU
		{DBF37EFE-4A20-4068-8C6F-A64D37F246FD}.Release|Any CPU.Build.0 = Release|Any CPU
		{6515DB2B-2C69-4798-B652-5DD02502F954}.Debug|Any CPU.ActiveCfg = Debug|Any CPU
		{6515DB2B-2C69-4798-B652-5DD02502F954}.Debug|Any CPU.Build.0 = Debug|Any CPU
		{6515DB2B-2C69-4798-B652-5DD02502F954}.Release|Any CPU.ActiveCfg = Release|Any CPU
		{6515DB2B-2C69-4798-B652-5DD02502F954}.Release|Any CPU.Build.0 = Release|Any CPU
	EndGlobalSection
	GlobalSection(SolutionProperties) = preSolution
		HideSolutionNode = FALSE
	EndGlobalSection
	GlobalSection(ExtensibilityGlobals) = postSolution
		SolutionGuid = {0CB28329-C51C-43B5-90CA-454360BE8CC2}
	EndGlobalSection
EndGlobal
