
Microsoft Visual Studio Solution File, Format Version 12.00
# Visual Studio Version 17
VisualStudioVersion = 17.9.34728.123
MinimumVisualStudioVersion = 10.0.40219.1
Project("{FAE04EC0-301F-11D3-BF4B-00C04F79EFBC}") = "2_LINDump_net481", "2_LINDump_net481\2_LINDump_net481.csproj", "{36A718F0-57B9-44A4-A886-B84719992805}"
EndProject
Project("{FAE04EC0-301F-11D3-BF4B-00C04F79EFBC}") = "2_LINDump_net6", "2_LINDump_net6\2_LINDump_net6.csproj", "{5924CB8F-9C28-41D5-928C-3C2631B0F28D}"
EndProject
Global
	GlobalSection(SolutionConfigurationPlatforms) = preSolution
		Debug|Any CPU = Debug|Any CPU
		Release|Any CPU = Release|Any CPU
	EndGlobalSection
	GlobalSection(ProjectConfigurationPlatforms) = postSolution
		{36A718F0-57B9-44A4-A886-B84719992805}.Debug|Any CPU.ActiveCfg = Debug|Any CPU
		{36A718F0-57B9-44A4-A886-B84719992805}.Debug|Any CPU.Build.0 = Debug|Any CPU
		{36A718F0-57B9-44A4-A886-B84719992805}.Release|Any CPU.ActiveCfg = Release|Any CPU
		{36A718F0-57B9-44A4-A886-B84719992805}.Release|Any CPU.Build.0 = Release|Any CPU
		{5924CB8F-9C28-41D5-928C-3C2631B0F28D}.Debug|Any CPU.ActiveCfg = Debug|Any CPU
		{5924CB8F-9C28-41D5-928C-3C2631B0F28D}.Debug|Any CPU.Build.0 = Debug|Any CPU
		{5924CB8F-9C28-41D5-928C-3C2631B0F28D}.Release|Any CPU.ActiveCfg = Release|Any CPU
		{5924CB8F-9C28-41D5-928C-3C2631B0F28D}.Release|Any CPU.Build.0 = Release|Any CPU
	EndGlobalSection
	GlobalSection(SolutionProperties) = preSolution
		HideSolutionNode = FALSE
	EndGlobalSection
	GlobalSection(ExtensibilityGlobals) = postSolution
		SolutionGuid = {EF5EDA2D-59ED-47A5-A4DF-24C91130F69A}
	EndGlobalSection
EndGlobal
